
Microsoft Visual Studio Solution File, Format Version 12.00
# Visual Studio Version 16
VisualStudioVersion = 16.0.30804.86
MinimumVisualStudioVersion = 10.0.40219.1
Project("{9A19103F-16F7-4668-BE54-9A1E7A4F7556}") = "SearchEngineParser", "SearchEngineParser\SearchEngineParser.csproj", "{D9BCD8CF-DCD6-4679-83B4-7B92BE55825C}"
EndProject
Project("{FAE04EC0-301F-11D3-BF4B-00C04F79EFBC}") = "UnitTestProject", "UnitTestProject\UnitTestProject.csproj", "{A2115D3C-569B-4CF1-87C2-C0186C97D506}"
EndProject
Global
	GlobalSection(SolutionConfigurationPlatforms) = preSolution
		Debug|Any CPU = Debug|Any CPU
		Release|Any CPU = Release|Any CPU
	EndGlobalSection
	GlobalSection(ProjectConfigurationPlatforms) = postSolution
		{D9BCD8CF-DCD6-4679-83B4-7B92BE55825C}.Debug|Any CPU.ActiveCfg = Debug|Any CPU
		{D9BCD8CF-DCD6-4679-83B4-7B92BE55825C}.Debug|Any CPU.Build.0 = Debug|Any CPU
		{D9BCD8CF-DCD6-4679-83B4-7B92BE55825C}.Release|Any CPU.ActiveCfg = Release|Any CPU
		{D9BCD8CF-DCD6-4679-83B4-7B92BE55825C}.Release|Any CPU.Build.0 = Release|Any CPU
		{A2115D3C-569B-4CF1-87C2-C0186C97D506}.Debug|Any CPU.ActiveCfg = Debug|Any CPU
		{A2115D3C-569B-4CF1-87C2-C0186C97D506}.Debug|Any CPU.Build.0 = Debug|Any CPU
		{A2115D3C-569B-4CF1-87C2-C0186C97D506}.Release|Any CPU.ActiveCfg = Release|Any CPU
		{A2115D3C-569B-4CF1-87C2-C0186C97D506}.Release|Any CPU.Build.0 = Release|Any CPU
	EndGlobalSection
	GlobalSection(SolutionProperties) = preSolution
		HideSolutionNode = FALSE
	EndGlobalSection
	GlobalSection(ExtensibilityGlobals) = postSolution
		SolutionGuid = {51945A6C-4484-40E7-B0CD-912DE0301426}
	EndGlobalSection
EndGlobal
